// !$*UTF8*$!
{
	archiveVersion = 1;
	classes = {
	};
	objectVersion = 48;
	objects = {

/* Begin PBXBuildFile section */
		C90E225C205BD2A600FE13A8 /* ViewModelType.swift in Sources */ = {isa = PBXBuildFile; fileRef = C90E225B205BD2A600FE13A8 /* ViewModelType.swift */; };
		C90E2260205BDC5B00FE13A8 /* CategoriesViewModelItem.swift in Sources */ = {isa = PBXBuildFile; fileRef = C90E225F205BDC5B00FE13A8 /* CategoriesViewModelItem.swift */; };
		C90E2262205BDF3800FE13A8 /* ListViewModelItem.swift in Sources */ = {isa = PBXBuildFile; fileRef = C90E2261205BDF3800FE13A8 /* ListViewModelItem.swift */; };
		C98E70EA205AC6D700D457E9 /* AppDelegate.swift in Sources */ = {isa = PBXBuildFile; fileRef = C98E70E9205AC6D700D457E9 /* AppDelegate.swift */; };
		C98E70EC205AC6D700D457E9 /* ViewController.swift in Sources */ = {isa = PBXBuildFile; fileRef = C98E70EB205AC6D700D457E9 /* ViewController.swift */; };
		C98E70EF205AC6D700D457E9 /* Main.storyboard in Resources */ = {isa = PBXBuildFile; fileRef = C98E70ED205AC6D700D457E9 /* Main.storyboard */; };
		C98E70F1205AC6D700D457E9 /* Assets.xcassets in Resources */ = {isa = PBXBuildFile; fileRef = C98E70F0205AC6D700D457E9 /* Assets.xcassets */; };
		C98E70F4205AC6D700D457E9 /* LaunchScreen.storyboard in Resources */ = {isa = PBXBuildFile; fileRef = C98E70F2205AC6D700D457E9 /* LaunchScreen.storyboard */; };
		C98E7101205ACBE400D457E9 /* OperationCell.swift in Sources */ = {isa = PBXBuildFile; fileRef = C98E70FF205ACBE400D457E9 /* OperationCell.swift */; };
		C98E7102205ACBE400D457E9 /* OperationCell.xib in Resources */ = {isa = PBXBuildFile; fileRef = C98E7100205ACBE400D457E9 /* OperationCell.xib */; };
/* End PBXBuildFile section */

/* Begin PBXFileReference section */
		C90E225B205BD2A600FE13A8 /* ViewModelType.swift */ = {isa = PBXFileReference; lastKnownFileType = sourcecode.swift; path = ViewModelType.swift; sourceTree = "<group>"; };
		C90E225F205BDC5B00FE13A8 /* CategoriesViewModelItem.swift */ = {isa = PBXFileReference; lastKnownFileType = sourcecode.swift; path = CategoriesViewModelItem.swift; sourceTree = "<group>"; };
		C90E2261205BDF3800FE13A8 /* ListViewModelItem.swift */ = {isa = PBXFileReference; lastKnownFileType = sourcecode.swift; path = ListViewModelItem.swift; sourceTree = "<group>"; };
		C98E70E6205AC6D700D457E9 /* Bog Assignment.app */ = {isa = PBXFileReference; explicitFileType = wrapper.application; includeInIndex = 0; path = "Bog Assignment.app"; sourceTree = BUILT_PRODUCTS_DIR; };
		C98E70E9205AC6D700D457E9 /* AppDelegate.swift */ = {isa = PBXFileReference; lastKnownFileType = sourcecode.swift; path = AppDelegate.swift; sourceTree = "<group>"; };
		C98E70EB205AC6D700D457E9 /* ViewController.swift */ = {isa = PBXFileReference; lastKnownFileType = sourcecode.swift; path = ViewController.swift; sourceTree = "<group>"; };
		C98E70EE205AC6D700D457E9 /* Base */ = {isa = PBXFileReference; lastKnownFileType = file.storyboard; name = Base; path = Base.lproj/Main.storyboard; sourceTree = "<group>"; };
		C98E70F0205AC6D700D457E9 /* Assets.xcassets */ = {isa = PBXFileReference; lastKnownFileType = folder.assetcatalog; path = Assets.xcassets; sourceTree = "<group>"; };
		C98E70F3205AC6D700D457E9 /* Base */ = {isa = PBXFileReference; lastKnownFileType = file.storyboard; name = Base; path = Base.lproj/LaunchScreen.storyboard; sourceTree = "<group>"; };
		C98E70F5205AC6D700D457E9 /* Info.plist */ = {isa = PBXFileReference; lastKnownFileType = text.plist.xml; path = Info.plist; sourceTree = "<group>"; };
		C98E70FF205ACBE400D457E9 /* OperationCell.swift */ = {isa = PBXFileReference; lastKnownFileType = sourcecode.swift; path = OperationCell.swift; sourceTree = "<group>"; };
		C98E7100205ACBE400D457E9 /* OperationCell.xib */ = {isa = PBXFileReference; lastKnownFileType = file.xib; path = OperationCell.xib; sourceTree = "<group>"; };
/* End PBXFileReference section */

/* Begin PBXFrameworksBuildPhase section */
		C98E70E3205AC6D700D457E9 /* Frameworks */ = {
			isa = PBXFrameworksBuildPhase;
			buildActionMask = 2147483647;
			files = (
			);
			runOnlyForDeploymentPostprocessing = 0;
		};
/* End PBXFrameworksBuildPhase section */

/* Begin PBXGroup section */
		C90E225A205BD27B00FE13A8 /* Type */ = {
			isa = PBXGroup;
			children = (
				C90E225B205BD2A600FE13A8 /* ViewModelType.swift */,
			);
			path = Type;
			sourceTree = "<group>";
		};
		C90E225E205BDC1600FE13A8 /* ViewModels */ = {
			isa = PBXGroup;
			children = (
				C90E225F205BDC5B00FE13A8 /* CategoriesViewModelItem.swift */,
				C90E2261205BDF3800FE13A8 /* ListViewModelItem.swift */,
			);
			path = ViewModels;
			sourceTree = "<group>";
		};
		C98E70DD205AC6D700D457E9 = {
			isa = PBXGroup;
			children = (
				C98E70E8205AC6D700D457E9 /* Bog Assignment */,
				C98E70E7205AC6D700D457E9 /* Products */,
			);
			sourceTree = "<group>";
		};
		C98E70E7205AC6D700D457E9 /* Products */ = {
			isa = PBXGroup;
			children = (
				C98E70E6205AC6D700D457E9 /* Bog Assignment.app */,
			);
			name = Products;
			sourceTree = "<group>";
		};
		C98E70E8205AC6D700D457E9 /* Bog Assignment */ = {
			isa = PBXGroup;
			children = (
				C90E225A205BD27B00FE13A8 /* Type */,
				C90E225E205BDC1600FE13A8 /* ViewModels */,
				C98E70FD205AC8F500D457E9 /* Core */,
				C98E70FC205AC8E400D457E9 /* Views */,
				C98E70FB205AC8DE00D457E9 /* Scenes */,
				C98E70E9205AC6D700D457E9 /* AppDelegate.swift */,
				C98E70EB205AC6D700D457E9 /* ViewController.swift */,
				C98E70ED205AC6D700D457E9 /* Main.storyboard */,
				C98E70F0205AC6D700D457E9 /* Assets.xcassets */,
				C98E70F2205AC6D700D457E9 /* LaunchScreen.storyboard */,
				C98E70F5205AC6D700D457E9 /* Info.plist */,
			);
			path = "Bog Assignment";
			sourceTree = "<group>";
		};
		C98E70FB205AC8DE00D457E9 /* Scenes */ = {
			isa = PBXGroup;
			children = (
			);
			path = Scenes;
			sourceTree = "<group>";
		};
		C98E70FC205AC8E400D457E9 /* Views */ = {
			isa = PBXGroup;
			children = (
				C98E70FE205ACBA600D457E9 /* Cells */,
			);
			path = Views;
			sourceTree = "<group>";
		};
		C98E70FD205AC8F500D457E9 /* Core */ = {
			isa = PBXGroup;
			children = (
			);
			path = Core;
			sourceTree = "<group>";
		};
		C98E70FE205ACBA600D457E9 /* Cells */ = {
			isa = PBXGroup;
			children = (
				C98E70FF205ACBE400D457E9 /* OperationCell.swift */,
				C98E7100205ACBE400D457E9 /* OperationCell.xib */,
			);
			path = Cells;
			sourceTree = "<group>";
		};
/* End PBXGroup section */

/* Begin PBXNativeTarget section */
		C98E70E5205AC6D700D457E9 /* Bog Assignment */ = {
			isa = PBXNativeTarget;
			buildConfigurationList = C98E70F8205AC6D700D457E9 /* Build configuration list for PBXNativeTarget "Bog Assignment" */;
			buildPhases = (
				C98E70E2205AC6D700D457E9 /* Sources */,
				C98E70E3205AC6D700D457E9 /* Frameworks */,
				C98E70E4205AC6D700D457E9 /* Resources */,
			);
			buildRules = (
			);
			dependencies = (
			);
			name = "Bog Assignment";
			productName = "Bog Assignment";
			productReference = C98E70E6205AC6D700D457E9 /* Bog Assignment.app */;
			productType = "com.apple.product-type.application";
		};
/* End PBXNativeTarget section */

/* Begin PBXProject section */
		C98E70DE205AC6D700D457E9 /* Project object */ = {
			isa = PBXProject;
			attributes = {
				LastSwiftUpdateCheck = 0920;
				LastUpgradeCheck = 0920;
				ORGANIZATIONNAME = "Mobility LLC";
				TargetAttributes = {
					C98E70E5205AC6D700D457E9 = {
						CreatedOnToolsVersion = 9.2;
						ProvisioningStyle = Automatic;
					};
				};
			};
			buildConfigurationList = C98E70E1205AC6D700D457E9 /* Build configuration list for PBXProject "Bog Assignment" */;
			compatibilityVersion = "Xcode 8.0";
			developmentRegion = en;
			hasScannedForEncodings = 0;
			knownRegions = (
				en,
				Base,
			);
			mainGroup = C98E70DD205AC6D700D457E9;
			productRefGroup = C98E70E7205AC6D700D457E9 /* Products */;
			projectDirPath = "";
			projectRoot = "";
			targets = (
				C98E70E5205AC6D700D457E9 /* Bog Assignment */,
			);
		};
/* End PBXProject section */

/* Begin PBXResourcesBuildPhase section */
		C98E70E4205AC6D700D457E9 /* Resources */ = {
			isa = PBXResourcesBuildPhase;
			buildActionMask = 2147483647;
			files = (
				C98E70F4205AC6D700D457E9 /* LaunchScreen.storyboard in Resources */,
				C98E70F1205AC6D700D457E9 /* Assets.xcassets in Resources */,
				C98E7102205ACBE400D457E9 /* OperationCell.xib in Resources */,
				C98E70EF205AC6D700D457E9 /* Main.storyboard in Resources */,
			);
			runOnlyForDeploymentPostprocessing = 0;
		};
/* End PBXResourcesBuildPhase section */

/* Begin PBXSourcesBuildPhase section */
		C98E70E2205AC6D700D457E9 /* Sources */ = {
			isa = PBXSourcesBuildPhase;
			buildActionMask = 2147483647;
			files = (
				C90E2260205BDC5B00FE13A8 /* CategoriesViewModelItem.swift in Sources */,
				C90E225C205BD2A600FE13A8 /* ViewModelType.swift in Sources */,
				C98E70EC205AC6D700D457E9 /* ViewController.swift in Sources */,
				C98E70EA205AC6D700D457E9 /* AppDelegate.swift in Sources */,
				C98E7101205ACBE400D457E9 /* OperationCell.swift in Sources */,
				C90E2262205BDF3800FE13A8 /* ListViewModelItem.swift in Sources */,
			);
			runOnlyForDeploymentPostprocessing = 0;
		};
/* End PBXSourcesBuildPhase section */

/* Begin PBXVariantGroup section */
		C98E70ED205AC6D700D457E9 /* Main.storyboard */ = {
			isa = PBXVariantGroup;
			children = (
				C98E70EE205AC6D700D457E9 /* Base */,
			);
			name = Main.storyboard;
			sourceTree = "<group>";
		};
		C98E70F2205AC6D700D457E9 /* LaunchScreen.storyboard */ = {
			isa = PBXVariantGroup;
			children = (
				C98E70F3205AC6D700D457E9 /* Base */,
			);
			name = LaunchScreen.storyboard;
			sourceTree = "<group>";
		};
/* End PBXVariantGroup section */

/* Begin XCBuildConfiguration section */
		C98E70F6205AC6D700D457E9 /* Debug */ = {
			isa = XCBuildConfiguration;
			buildSettings = {
				ALWAYS_SEARCH_USER_PATHS = NO;
				CLANG_ANALYZER_NONNULL = YES;
				CLANG_ANALYZER_NUMBER_OBJECT_CONVERSION = YES_AGGRESSIVE;
				CLANG_CXX_LANGUAGE_STANDARD = "gnu++14";
				CLANG_CXX_LIBRARY = "libc++";
				CLANG_ENABLE_MODULES = YES;
				CLANG_ENABLE_OBJC_ARC = YES;
				CLANG_WARN_BLOCK_CAPTURE_AUTORELEASING = YES;
				CLANG_WARN_BOOL_CONVERSION = YES;
				CLANG_WARN_COMMA = YES;
				CLANG_WARN_CONSTANT_CONVERSION = YES;
				CLANG_WARN_DIRECT_OBJC_ISA_USAGE = YES_ERROR;
				CLANG_WARN_DOCUMENTATION_COMMENTS = YES;
				CLANG_WARN_EMPTY_BODY = YES;
				CLANG_WARN_ENUM_CONVERSION = YES;
				CLANG_WARN_INFINITE_RECURSION = YES;
				CLANG_WARN_INT_CONVERSION = YES;
				CLANG_WARN_NON_LITERAL_NULL_CONVERSION = YES;
				CLANG_WARN_OBJC_LITERAL_CONVERSION = YES;
				CLANG_WARN_OBJC_ROOT_CLASS = YES_ERROR;
				CLANG_WARN_RANGE_LOOP_ANALYSIS = YES;
				CLANG_WARN_STRICT_PROTOTYPES = YES;
				CLANG_WARN_SUSPICIOUS_MOVE = YES;
				CLANG_WARN_UNGUARDED_AVAILABILITY = YES_AGGRESSIVE;
				CLANG_WARN_UNREACHABLE_CODE = YES;
				CLANG_WARN__DUPLICATE_METHOD_MATCH = YES;
				CODE_SIGN_IDENTITY = "iPhone Developer";
				COPY_PHASE_STRIP = NO;
				DEBUG_INFORMATION_FORMAT = dwarf;
				ENABLE_STRICT_OBJC_MSGSEND = YES;
				ENABLE_TESTABILITY = YES;
				GCC_C_LANGUAGE_STANDARD = gnu11;
				GCC_DYNAMIC_NO_PIC = NO;
				GCC_NO_COMMON_BLOCKS = YES;
				GCC_OPTIMIZATION_LEVEL = 0;
				GCC_PREPROCESSOR_DEFINITIONS = (
					"DEBUG=1",
					"$(inherited)",
				);
				GCC_WARN_64_TO_32_BIT_CONVERSION = YES;
				GCC_WARN_ABOUT_RETURN_TYPE = YES_ERROR;
				GCC_WARN_UNDECLARED_SELECTOR = YES;
				GCC_WARN_UNINITIALIZED_AUTOS = YES_AGGRESSIVE;
				GCC_WARN_UNUSED_FUNCTION = YES;
				GCC_WARN_UNUSED_VARIABLE = YES;
				IPHONEOS_DEPLOYMENT_TARGET = 11.2;
				MTL_ENABLE_DEBUG_INFO = YES;
				ONLY_ACTIVE_ARCH = YES;
				SDKROOT = iphoneos;
				SWIFT_ACTIVE_COMPILATION_CONDITIONS = DEBUG;
				SWIFT_OPTIMIZATION_LEVEL = "-Onone";
			};
			name = Debug;
		};
		C98E70F7205AC6D700D457E9 /* Release */ = {
			isa = XCBuildConfiguration;
			buildSettings = {
				ALWAYS_SEARCH_USER_PATHS = NO;
				CLANG_ANALYZER_NONNULL = YES;
				CLANG_ANALYZER_NUMBER_OBJECT_CONVERSION = YES_AGGRESSIVE;
				CLANG_CXX_LANGUAGE_STANDARD = "gnu++14";
				CLANG_CXX_LIBRARY = "libc++";
				CLANG_ENABLE_MODULES = YES;
				CLANG_ENABLE_OBJC_ARC = YES;
				CLANG_WARN_BLOCK_CAPTURE_AUTORELEASING = YES;
				CLANG_WARN_BOOL_CONVERSION = YES;
				CLANG_WARN_COMMA = YES;
				CLANG_WARN_CONSTANT_CONVERSION = YES;
				CLANG_WARN_DIRECT_OBJC_ISA_USAGE = YES_ERROR;
				CLANG_WARN_DOCUMENTATION_COMMENTS = YES;
				CLANG_WARN_EMPTY_BODY = YES;
				CLANG_WARN_ENUM_CONVERSION = YES;
				CLANG_WARN_INFINITE_RECURSION = YES;
				CLANG_WARN_INT_CONVERSION = YES;
				CLANG_WARN_NON_LITERAL_NULL_CONVERSION = YES;
				CLANG_WARN_OBJC_LITERAL_CONVERSION = YES;
				CLANG_WARN_OBJC_ROOT_CLASS = YES_ERROR;
				CLANG_WARN_RANGE_LOOP_ANALYSIS = YES;
				CLANG_WARN_STRICT_PROTOTYPES = YES;
				CLANG_WARN_SUSPICIOUS_MOVE = YES;
				CLANG_WARN_UNGUARDED_AVAILABILITY = YES_AGGRESSIVE;
				CLANG_WARN_UNREACHABLE_CODE = YES;
				CLANG_WARN__DUPLICATE_METHOD_MATCH = YES;
				CODE_SIGN_IDENTITY = "iPhone Developer";
				COPY_PHASE_STRIP = NO;
				DEBUG_INFORMATION_FORMAT = "dwarf-with-dsym";
				ENABLE_NS_ASSERTIONS = NO;
				ENABLE_STRICT_OBJC_MSGSEND = YES;
				GCC_C_LANGUAGE_STANDARD = gnu11;
				GCC_NO_COMMON_BLOCKS = YES;
				GCC_WARN_64_TO_32_BIT_CONVERSION = YES;
				GCC_WARN_ABOUT_RETURN_TYPE = YES_ERROR;
				GCC_WARN_UNDECLARED_SELECTOR = YES;
				GCC_WARN_UNINITIALIZED_AUTOS = YES_AGGRESSIVE;
				GCC_WARN_UNUSED_FUNCTION = YES;
				GCC_WARN_UNUSED_VARIABLE = YES;
				IPHONEOS_DEPLOYMENT_TARGET = 11.2;
				MTL_ENABLE_DEBUG_INFO = NO;
				SDKROOT = iphoneos;
				SWIFT_OPTIMIZATION_LEVEL = "-Owholemodule";
				VALIDATE_PRODUCT = YES;
			};
			name = Release;
		};
		C98E70F9205AC6D700D457E9 /* Debug */ = {
			isa = XCBuildConfiguration;
			buildSettings = {
				ASSETCATALOG_COMPILER_APPICON_NAME = AppIcon;
				CODE_SIGN_STYLE = Automatic;
				DEVELOPMENT_TEAM = TJ99YUB869;
				INFOPLIST_FILE = "Bog Assignment/Info.plist";
				IPHONEOS_DEPLOYMENT_TARGET = 9.0;
				LD_RUNPATH_SEARCH_PATHS = "$(inherited) @executable_path/Frameworks";
				PRODUCT_BUNDLE_IDENTIFIER = "ge.mobility.Bog-Assignment";
				PRODUCT_NAME = "$(TARGET_NAME)";
				SWIFT_VERSION = 4.0;
				TARGETED_DEVICE_FAMILY = "1,2";
			};
			name = Debug;
		};
		C98E70FA205AC6D700D457E9 /* Release */ = {
			isa = XCBuildConfiguration;
			buildSettings = {
				ASSETCATALOG_COMPILER_APPICON_NAME = AppIcon;
				CODE_SIGN_STYLE = Automatic;
				DEVELOPMENT_TEAM = TJ99YUB869;
				INFOPLIST_FILE = "Bog Assignment/Info.plist";
				IPHONEOS_DEPLOYMENT_TARGET = 9.0;
				LD_RUNPATH_SEARCH_PATHS = "$(inherited) @executable_path/Frameworks";
				PRODUCT_BUNDLE_IDENTIFIER = "ge.mobility.Bog-Assignment";
				PRODUCT_NAME = "$(TARGET_NAME)";
				SWIFT_VERSION = 4.0;
				TARGETED_DEVICE_FAMILY = "1,2";
			};
			name = Release;
		};
/* End XCBuildConfiguration section */

/* Begin XCConfigurationList section */
		C98E70E1205AC6D700D457E9 /* Build configuration list for PBXProject "Bog Assignment" */ = {
			isa = XCConfigurationList;
			buildConfigurations = (
				C98E70F6205AC6D700D457E9 /* Debug */,
				C98E70F7205AC6D700D457E9 /* Release */,
			);
			defaultConfigurationIsVisible = 0;
			defaultConfigurationName = Release;
		};
		C98E70F8205AC6D700D457E9 /* Build configuration list for PBXNativeTarget "Bog Assignment" */ = {
			isa = XCConfigurationList;
			buildConfigurations = (
				C98E70F9205AC6D700D457E9 /* Debug */,
				C98E70FA205AC6D700D457E9 /* Release */,
			);
			defaultConfigurationIsVisible = 0;
			defaultConfigurationName = Release;
		};
/* End XCConfigurationList section */
	};
	rootObject = C98E70DE205AC6D700D457E9 /* Project object */;
}
